
Microsoft Visual Studio Solution File, Format Version 12.00
# Visual Studio Version 16
VisualStudioVersion = 16.0.30611.23
MinimumVisualStudioVersion = 10.0.40219.1
Project("{2150E333-8FDC-42A3-9474-1A3956D46DE8}") = "1-Domain", "1-Domain", "{D740788D-2D17-4473-8148-CFD8A1FAB712}"
EndProject
Project("{2150E333-8FDC-42A3-9474-1A3956D46DE8}") = "2-Application", "2-Application", "{8363924C-206C-4798-B56C-F5BD3E5B4B6B}"
EndProject
Project("{2150E333-8FDC-42A3-9474-1A3956D46DE8}") = "3-Infrastructure", "3-Infrastructure", "{5C37F478-1466-4DED-87A1-21ADBB8E75E6}"
EndProject
Project("{2150E333-8FDC-42A3-9474-1A3956D46DE8}") = "4-Services", "4-Services", "{F736CCC7-3347-4FC5-A447-104BA203F239}"
EndProject
Project("{9A19103F-16F7-4668-BE54-9A1E7A4F7556}") = "Domain.SeedWork", "Domain.SeedWork\Domain.SeedWork.csproj", "{1A7DB691-140D-414C-B27C-4B81664CAE14}"
EndProject
Project("{9A19103F-16F7-4668-BE54-9A1E7A4F7556}") = "Services.API", "Services.API\Services.API.csproj", "{512301CD-EA38-4462-A25B-957241C9C5FA}"
EndProject
Project("{9A19103F-16F7-4668-BE54-9A1E7A4F7556}") = "Infrastructure.EntityFramework", "Infrastructure.EntityFramework\Infrastructure.EntityFramework.csproj", "{D4993EE3-1257-4934-A1A0-E444D6DF9381}"
EndProject
Project("{FAE04EC0-301F-11D3-BF4B-00C04F79EFBC}") = "Domain.AggregatesModel", "Domain.AggregatesModel\Domain.AggregatesModel.csproj", "{D46E65F6-66BB-45C0-8213-AFE727F724A0}"
EndProject
Project("{FAE04EC0-301F-11D3-BF4B-00C04F79EFBC}") = "Application.Interfaces.UseCases", "Application.Interfaces.UseCases\Application.Interfaces.UseCases.csproj", "{EE58CA20-9159-4855-BE40-B7D9C1445701}"
EndProject
Project("{FAE04EC0-301F-11D3-BF4B-00C04F79EFBC}") = "Application.UseCases", "Application.UseCases\Application.UseCases.csproj", "{F9C6D501-B313-4B77-99DF-ADC380F6C716}"
EndProject
Project("{FAE04EC0-301F-11D3-BF4B-00C04F79EFBC}") = "Application.Utilities", "Application.Utilities\Application.Utilities.csproj", "{4F6D5187-CE52-4F2D-A355-B94620FA7A1B}"
EndProject
Global
	GlobalSection(SolutionConfigurationPlatforms) = preSolution
		Debug|Any CPU = Debug|Any CPU
		Release|Any CPU = Release|Any CPU
	EndGlobalSection
	GlobalSection(ProjectConfigurationPlatforms) = postSolution
		{1A7DB691-140D-414C-B27C-4B81664CAE14}.Debug|Any CPU.ActiveCfg = Debug|Any CPU
		{1A7DB691-140D-414C-B27C-4B81664CAE14}.Debug|Any CPU.Build.0 = Debug|Any CPU
		{1A7DB691-140D-414C-B27C-4B81664CAE14}.Release|Any CPU.ActiveCfg = Release|Any CPU
		{1A7DB691-140D-414C-B27C-4B81664CAE14}.Release|Any CPU.Build.0 = Release|Any CPU
		{512301CD-EA38-4462-A25B-957241C9C5FA}.Debug|Any CPU.ActiveCfg = Debug|Any CPU
		{512301CD-EA38-4462-A25B-957241C9C5FA}.Debug|Any CPU.Build.0 = Debug|Any CPU
		{512301CD-EA38-4462-A25B-957241C9C5FA}.Release|Any CPU.ActiveCfg = Release|Any CPU
		{512301CD-EA38-4462-A25B-957241C9C5FA}.Release|Any CPU.Build.0 = Release|Any CPU
		{D4993EE3-1257-4934-A1A0-E444D6DF9381}.Debug|Any CPU.ActiveCfg = Debug|Any CPU
		{D4993EE3-1257-4934-A1A0-E444D6DF9381}.Debug|Any CPU.Build.0 = Debug|Any CPU
		{D4993EE3-1257-4934-A1A0-E444D6DF9381}.Release|Any CPU.ActiveCfg = Release|Any CPU
		{D4993EE3-1257-4934-A1A0-E444D6DF9381}.Release|Any CPU.Build.0 = Release|Any CPU
		{D46E65F6-66BB-45C0-8213-AFE727F724A0}.Debug|Any CPU.ActiveCfg = Debug|Any CPU
		{D46E65F6-66BB-45C0-8213-AFE727F724A0}.Debug|Any CPU.Build.0 = Debug|Any CPU
		{D46E65F6-66BB-45C0-8213-AFE727F724A0}.Release|Any CPU.ActiveCfg = Release|Any CPU
		{D46E65F6-66BB-45C0-8213-AFE727F724A0}.Release|Any CPU.Build.0 = Release|Any CPU
		{EE58CA20-9159-4855-BE40-B7D9C1445701}.Debug|Any CPU.ActiveCfg = Debug|Any CPU
		{EE58CA20-9159-4855-BE40-B7D9C1445701}.Debug|Any CPU.Build.0 = Debug|Any CPU
		{EE58CA20-9159-4855-BE40-B7D9C1445701}.Release|Any CPU.ActiveCfg = Release|Any CPU
		{EE58CA20-9159-4855-BE40-B7D9C1445701}.Release|Any CPU.Build.0 = Release|Any CPU
		{F9C6D501-B313-4B77-99DF-ADC380F6C716}.Debug|Any CPU.ActiveCfg = Debug|Any CPU
		{F9C6D501-B313-4B77-99DF-ADC380F6C716}.Debug|Any CPU.Build.0 = Debug|Any CPU
		{F9C6D501-B313-4B77-99DF-ADC380F6C716}.Release|Any CPU.ActiveCfg = Release|Any CPU
		{F9C6D501-B313-4B77-99DF-ADC380F6C716}.Release|Any CPU.Build.0 = Release|Any CPU
		{4F6D5187-CE52-4F2D-A355-B94620FA7A1B}.Debug|Any CPU.ActiveCfg = Debug|Any CPU
		{4F6D5187-CE52-4F2D-A355-B94620FA7A1B}.Debug|Any CPU.Build.0 = Debug|Any CPU
		{4F6D5187-CE52-4F2D-A355-B94620FA7A1B}.Release|Any CPU.ActiveCfg = Release|Any CPU
		{4F6D5187-CE52-4F2D-A355-B94620FA7A1B}.Release|Any CPU.Build.0 = Release|Any CPU
	EndGlobalSection
	GlobalSection(SolutionProperties) = preSolution
		HideSolutionNode = FALSE
	EndGlobalSection
	GlobalSection(NestedProjects) = preSolution
		{1A7DB691-140D-414C-B27C-4B81664CAE14} = {D740788D-2D17-4473-8148-CFD8A1FAB712}
		{512301CD-EA38-4462-A25B-957241C9C5FA} = {F736CCC7-3347-4FC5-A447-104BA203F239}
		{D4993EE3-1257-4934-A1A0-E444D6DF9381} = {5C37F478-1466-4DED-87A1-21ADBB8E75E6}
		{D46E65F6-66BB-45C0-8213-AFE727F724A0} = {D740788D-2D17-4473-8148-CFD8A1FAB712}
		{EE58CA20-9159-4855-BE40-B7D9C1445701} = {8363924C-206C-4798-B56C-F5BD3E5B4B6B}
		{F9C6D501-B313-4B77-99DF-ADC380F6C716} = {8363924C-206C-4798-B56C-F5BD3E5B4B6B}
		{4F6D5187-CE52-4F2D-A355-B94620FA7A1B} = {8363924C-206C-4798-B56C-F5BD3E5B4B6B}
	EndGlobalSection
	GlobalSection(ExtensibilityGlobals) = postSolution
		SolutionGuid = {299D3C6A-5F71-4DE0-86F1-440474DEAC1C}
	EndGlobalSection
EndGlobal
